
Microsoft Visual Studio Solution File, Format Version 12.00
# Visual Studio Version 17
VisualStudioVersion = 17.5.33502.453
MinimumVisualStudioVersion = 10.0.40219.1
Project("{FAE04EC0-301F-11D3-BF4B-00C04F79EFBC}") = "CibiPreferiti", "CibiPreferiti.csproj", "{BC890CAD-42F9-4273-8552-4DF798C0A6A3}"
EndProject
Global
	GlobalSection(SolutionConfigurationPlatforms) = preSolution
		Debug|Any CPU = Debug|Any CPU
		Release|Any CPU = Release|Any CPU
	EndGlobalSection
	GlobalSection(ProjectConfigurationPlatforms) = postSolution
		{BC890CAD-42F9-4273-8552-4DF798C0A6A3}.Debug|Any CPU.ActiveCfg = Debug|Any CPU
		{BC890CAD-42F9-4273-8552-4DF798C0A6A3}.Debug|Any CPU.Build.0 = Debug|Any CPU
		{BC890CAD-42F9-4273-8552-4DF798C0A6A3}.Release|Any CPU.ActiveCfg = Release|Any CPU
		{BC890CAD-42F9-4273-8552-4DF798C0A6A3}.Release|Any CPU.Build.0 = Release|Any CPU
	EndGlobalSection
	GlobalSection(SolutionProperties) = preSolution
		HideSolutionNode = FALSE
	EndGlobalSection
	GlobalSection(ExtensibilityGlobals) = postSolution
		SolutionGuid = {AA244DAB-953B-47D5-A819-4D6422CCE28F}
	EndGlobalSection
EndGlobal
